<Solution>
  <Project Path="ApplicationName.Application/ApplicationName.Application.csproj" />
  <Project Path="ApplicationName.Design/ApplicationName.Design.csproj" />
  <Project Path="ApplicationName.Domain.Contracts/ApplicationName.Domain.Contracts.csproj" />
  <Project Path="ApplicationName.Domain/ApplicationName.Domain.csproj" />
  <Project Path="ApplicationName.Infrastructure/ApplicationName.Infrastructure.csproj" />
  <Project Path="ApplicationName.Presentation/ApplicationName.Presentation.csproj" />
  <Project Path="ApplicationName.Tests/ApplicationName.Tests.csproj" />
  <Project Path="ProjectName.Application.Contracts/ProjectName.Application.Contracts.csproj" Id="0c125a89-adbe-4b11-b86b-5d4f72ec1e18" />
  <Project Path="ProjectName.Application/ProjectName.Application.csproj" Id="00e63df9-2652-4bbd-8a88-6b5479ae3793" />
  <Project Path="ProjectName.Domain.Contracts/ProjectName.Domain.Contracts.csproj" Id="6f53ff7d-25ca-4257-bd30-11e23a5ccbb0" />
  <Project Path="ProjectName.Domain/ProjectName.Domain.csproj" Id="893cf235-76e0-478a-8770-3cf389c6541b" />
  <Project Path="ProjectName.SharedKernel/ProjectName.SharedKernel.csproj" Id="5671ad3d-190f-4c6d-87ac-c21448f812a4" />
</Solution>
